
Microsoft Visual Studio Solution File, Format Version 12.00
# Visual Studio Version 17
VisualStudioVersion = 17.0.31903.59
MinimumVisualStudioVersion = 10.0.40219.1
Project("{FAE04EC0-301F-11D3-BF4B-00C04F79EFBC}") = "AoC2023.Day1", "AoC2023.Day1\AoC2023.Day1.csproj", "{1DB026E2-9349-47C1-84FA-7D3275F5A45B}"
EndProject
Project("{FAE04EC0-301F-11D3-BF4B-00C04F79EFBC}") = "AoC2023.Day2", "AoC2023.Day2\AoC2023.Day2.csproj", "{A8464BB2-2980-465D-8E66-E85C358F0574}"
EndProject
Project("{FAE04EC0-301F-11D3-BF4B-00C04F79EFBC}") = "AoC2023.Day3", "AoC2023.Day3\AoC2023.Day3.csproj", "{5DB1D5F0-D12B-4932-82D8-F8525C977C2B}"
EndProject
Project("{FAE04EC0-301F-11D3-BF4B-00C04F79EFBC}") = "AoC2023.Day4", "AoC2023.Day4\AoC2023.Day4.csproj", "{9249BF26-B72F-4677-A08B-29995C1976A5}"
EndProject
Global
	GlobalSection(SolutionConfigurationPlatforms) = preSolution
		Debug|Any CPU = Debug|Any CPU
		Release|Any CPU = Release|Any CPU
	EndGlobalSection
	GlobalSection(SolutionProperties) = preSolution
		HideSolutionNode = FALSE
	EndGlobalSection
	GlobalSection(ProjectConfigurationPlatforms) = postSolution
		{1DB026E2-9349-47C1-84FA-7D3275F5A45B}.Debug|Any CPU.ActiveCfg = Debug|Any CPU
		{1DB026E2-9349-47C1-84FA-7D3275F5A45B}.Debug|Any CPU.Build.0 = Debug|Any CPU
		{1DB026E2-9349-47C1-84FA-7D3275F5A45B}.Release|Any CPU.ActiveCfg = Release|Any CPU
		{1DB026E2-9349-47C1-84FA-7D3275F5A45B}.Release|Any CPU.Build.0 = Release|Any CPU
		{A8464BB2-2980-465D-8E66-E85C358F0574}.Debug|Any CPU.ActiveCfg = Debug|Any CPU
		{A8464BB2-2980-465D-8E66-E85C358F0574}.Debug|Any CPU.Build.0 = Debug|Any CPU
		{A8464BB2-2980-465D-8E66-E85C358F0574}.Release|Any CPU.ActiveCfg = Release|Any CPU
		{A8464BB2-2980-465D-8E66-E85C358F0574}.Release|Any CPU.Build.0 = Release|Any CPU
		{5DB1D5F0-D12B-4932-82D8-F8525C977C2B}.Debug|Any CPU.ActiveCfg = Debug|Any CPU
		{5DB1D5F0-D12B-4932-82D8-F8525C977C2B}.Debug|Any CPU.Build.0 = Debug|Any CPU
		{5DB1D5F0-D12B-4932-82D8-F8525C977C2B}.Release|Any CPU.ActiveCfg = Release|Any CPU
		{5DB1D5F0-D12B-4932-82D8-F8525C977C2B}.Release|Any CPU.Build.0 = Release|Any CPU
		{9249BF26-B72F-4677-A08B-29995C1976A5}.Debug|Any CPU.ActiveCfg = Debug|Any CPU
		{9249BF26-B72F-4677-A08B-29995C1976A5}.Debug|Any CPU.Build.0 = Debug|Any CPU
		{9249BF26-B72F-4677-A08B-29995C1976A5}.Release|Any CPU.ActiveCfg = Release|Any CPU
		{9249BF26-B72F-4677-A08B-29995C1976A5}.Release|Any CPU.Build.0 = Release|Any CPU
	EndGlobalSection
EndGlobal
